
Microsoft Visual Studio Solution File, Format Version 12.00
# Visual Studio Version 17
VisualStudioVersion = 17.5.33502.453
MinimumVisualStudioVersion = 10.0.40219.1
Project("{FAE04EC0-301F-11D3-BF4B-00C04F79EFBC}") = "mid_project", "mid_project\mid_project.csproj", "{63D89279-209D-4B93-8090-A43B991E032A}"
EndProject
Global
	GlobalSection(SolutionConfigurationPlatforms) = preSolution
		Debug|Any CPU = Debug|Any CPU
		Release|Any CPU = Release|Any CPU
	EndGlobalSection
	GlobalSection(ProjectConfigurationPlatforms) = postSolution
		{63D89279-209D-4B93-8090-A43B991E032A}.Debug|Any CPU.ActiveCfg = Debug|Any CPU
		{63D89279-209D-4B93-8090-A43B991E032A}.Debug|Any CPU.Build.0 = Debug|Any CPU
		{63D89279-209D-4B93-8090-A43B991E032A}.Release|Any CPU.ActiveCfg = Release|Any CPU
		{63D89279-209D-4B93-8090-A43B991E032A}.Release|Any CPU.Build.0 = Release|Any CPU
	EndGlobalSection
	GlobalSection(SolutionProperties) = preSolution
		HideSolutionNode = FALSE
	EndGlobalSection
	GlobalSection(ExtensibilityGlobals) = postSolution
		SolutionGuid = {1D06032A-033C-4532-91B4-BE94F93F08A1}
	EndGlobalSection
EndGlobal
